
Microsoft Visual Studio Solution File, Format Version 12.00
# Visual Studio Version 17
VisualStudioVersion = 17.4.33110.190
MinimumVisualStudioVersion = 10.0.40219.1
Project("{FAE04EC0-301F-11D3-BF4B-00C04F79EFBC}") = "AddressGenerator", "AddressGenerator.csproj", "{6697ECDA-8760-4BB4-BAFC-F53A71952243}"
EndProject
Global
	GlobalSection(SolutionConfigurationPlatforms) = preSolution
		Debug|Any CPU = Debug|Any CPU
		Release|Any CPU = Release|Any CPU
	EndGlobalSection
	GlobalSection(ProjectConfigurationPlatforms) = postSolution
		{6697ECDA-8760-4BB4-BAFC-F53A71952243}.Debug|Any CPU.ActiveCfg = Debug|Any CPU
		{6697ECDA-8760-4BB4-BAFC-F53A71952243}.Debug|Any CPU.Build.0 = Debug|Any CPU
		{6697ECDA-8760-4BB4-BAFC-F53A71952243}.Release|Any CPU.ActiveCfg = Release|Any CPU
		{6697ECDA-8760-4BB4-BAFC-F53A71952243}.Release|Any CPU.Build.0 = Release|Any CPU
	EndGlobalSection
	GlobalSection(SolutionProperties) = preSolution
		HideSolutionNode = FALSE
	EndGlobalSection
	GlobalSection(ExtensibilityGlobals) = postSolution
		SolutionGuid = {EB4573AD-F42F-4E11-9EBD-5C941602359C}
	EndGlobalSection
EndGlobal
